
Microsoft Visual Studio Solution File, Format Version 12.00
# Visual Studio Version 17
VisualStudioVersion = 17.7.34024.191
MinimumVisualStudioVersion = 10.0.40219.1
Project("{FAE04EC0-301F-11D3-BF4B-00C04F79EFBC}") = "LINQ_Ejercicios_S2_U1", "LINQ_Ejercicios_S2_U1.csproj", "{14DEC6DD-6110-41B6-8D3F-603BD80A2EA8}"
EndProject
Global
	GlobalSection(SolutionConfigurationPlatforms) = preSolution
		Debug|Any CPU = Debug|Any CPU
		Release|Any CPU = Release|Any CPU
	EndGlobalSection
	GlobalSection(ProjectConfigurationPlatforms) = postSolution
		{14DEC6DD-6110-41B6-8D3F-603BD80A2EA8}.Debug|Any CPU.ActiveCfg = Debug|Any CPU
		{14DEC6DD-6110-41B6-8D3F-603BD80A2EA8}.Debug|Any CPU.Build.0 = Debug|Any CPU
		{14DEC6DD-6110-41B6-8D3F-603BD80A2EA8}.Release|Any CPU.ActiveCfg = Release|Any CPU
		{14DEC6DD-6110-41B6-8D3F-603BD80A2EA8}.Release|Any CPU.Build.0 = Release|Any CPU
	EndGlobalSection
	GlobalSection(SolutionProperties) = preSolution
		HideSolutionNode = FALSE
	EndGlobalSection
	GlobalSection(ExtensibilityGlobals) = postSolution
		SolutionGuid = {6F747369-A5FD-4CA1-BDAB-93C56D2ECA85}
	EndGlobalSection
EndGlobal
